github.com/decred/slog v1.2.0 h1:soHAxV52B54Di3WtKLfPum9OFfWqwtf/ygf9njdfnPM=
github.com/decred/slog v1.2.0/go.mod h1:kVXlGnt6DHy2fV5OjSeuvCJ0OmlmTF6LFpEPMu/fOY0=
github.com/vctt94/bisonbotkit v0.0.1 h1:7+BOOiJmiwrr+X1Pp+gEQzswNfmKhLmGjsohxQyaXMU=
github.com/vctt94/bisonbotkit v0.0.1/go.mod h1:NZ5thgQ4dJZjbVUoeVRpWr0OvIqLfuV37UuwUYPKy+Y=
